
Microsoft Visual Studio Solution File, Format Version 12.00
# Visual Studio Version 17
VisualStudioVersion = 17.6.33829.357
MinimumVisualStudioVersion = 10.0.40219.1
Project("{FAE04EC0-301F-11D3-BF4B-00C04F79EFBC}") = "FirsETriangleFaceandPerimetur", "FirsETriangleFaceandPerimetur\FirsETriangleFaceandPerimetur.csproj", "{44F314D8-8B6E-4B62-9FDF-FBCF5D798533}"
EndProject
Global
	GlobalSection(SolutionConfigurationPlatforms) = preSolution
		Debug|Any CPU = Debug|Any CPU
		Release|Any CPU = Release|Any CPU
	EndGlobalSection
	GlobalSection(ProjectConfigurationPlatforms) = postSolution
		{44F314D8-8B6E-4B62-9FDF-FBCF5D798533}.Debug|Any CPU.ActiveCfg = Debug|Any CPU
		{44F314D8-8B6E-4B62-9FDF-FBCF5D798533}.Debug|Any CPU.Build.0 = Debug|Any CPU
		{44F314D8-8B6E-4B62-9FDF-FBCF5D798533}.Release|Any CPU.ActiveCfg = Release|Any CPU
		{44F314D8-8B6E-4B62-9FDF-FBCF5D798533}.Release|Any CPU.Build.0 = Release|Any CPU
	EndGlobalSection
	GlobalSection(SolutionProperties) = preSolution
		HideSolutionNode = FALSE
	EndGlobalSection
	GlobalSection(ExtensibilityGlobals) = postSolution
		SolutionGuid = {45CA2E33-265E-4D4B-9E69-417826D43156}
	EndGlobalSection
EndGlobal
